
Microsoft Visual Studio Solution File, Format Version 12.00
# Visual Studio Version 16
VisualStudioVersion = 16.0.31005.135
MinimumVisualStudioVersion = 10.0.40219.1
Project("{FAE04EC0-301F-11D3-BF4B-00C04F79EFBC}") = "Wordle", "Wordle\Wordle.csproj", "{04259CD7-48BE-4A74-8ADC-7158F3B997A9}"
EndProject
Project("{FAE04EC0-301F-11D3-BF4B-00C04F79EFBC}") = "WordleTests", "WordleTests\WordleTests.csproj", "{7E8F57ED-10AA-4B8A-9FC9-DE3E9ED21168}"
EndProject
Global
	GlobalSection(SolutionConfigurationPlatforms) = preSolution
		Debug|Any CPU = Debug|Any CPU
		Release|Any CPU = Release|Any CPU
	EndGlobalSection
	GlobalSection(ProjectConfigurationPlatforms) = postSolution
		{04259CD7-48BE-4A74-8ADC-7158F3B997A9}.Debug|Any CPU.ActiveCfg = Debug|Any CPU
		{04259CD7-48BE-4A74-8ADC-7158F3B997A9}.Debug|Any CPU.Build.0 = Debug|Any CPU
		{04259CD7-48BE-4A74-8ADC-7158F3B997A9}.Release|Any CPU.ActiveCfg = Release|Any CPU
		{04259CD7-48BE-4A74-8ADC-7158F3B997A9}.Release|Any CPU.Build.0 = Release|Any CPU
		{7E8F57ED-10AA-4B8A-9FC9-DE3E9ED21168}.Debug|Any CPU.ActiveCfg = Debug|Any CPU
		{7E8F57ED-10AA-4B8A-9FC9-DE3E9ED21168}.Debug|Any CPU.Build.0 = Debug|Any CPU
		{7E8F57ED-10AA-4B8A-9FC9-DE3E9ED21168}.Release|Any CPU.ActiveCfg = Release|Any CPU
		{7E8F57ED-10AA-4B8A-9FC9-DE3E9ED21168}.Release|Any CPU.Build.0 = Release|Any CPU
	EndGlobalSection
	GlobalSection(SolutionProperties) = preSolution
		HideSolutionNode = FALSE
	EndGlobalSection
	GlobalSection(ExtensibilityGlobals) = postSolution
		SolutionGuid = {F32A477C-ACB5-43FF-AC11-91F79D248347}
	EndGlobalSection
EndGlobal
